
Microsoft Visual Studio Solution File, Format Version 11.00
# Visual C++ Express 2010
Project("{8BC9CEB8-8B4A-11D0-8D11-00A0C91BC942}") = "staticlib", "staticlib\staticlib.vcxproj", "{EF4EFD23-A4DA-4A2F-8030-495AEB9972D0}"
EndProject
Global
	GlobalSection(SolutionConfigurationPlatforms) = preSolution
		Debug|Win32 = Debug|Win32
		Release|Win32 = Release|Win32
	EndGlobalSection
	GlobalSection(ProjectConfigurationPlatforms) = postSolution
		{EF4EFD23-A4DA-4A2F-8030-495AEB9972D0}.Debug|Win32.ActiveCfg = Debug|Win32
		{EF4EFD23-A4DA-4A2F-8030-495AEB9972D0}.Debug|Win32.Build.0 = Debug|Win32
		{EF4EFD23-A4DA-4A2F-8030-495AEB9972D0}.Release|Win32.ActiveCfg = Release|Win32
		{EF4EFD23-A4DA-4A2F-8030-495AEB9972D0}.Release|Win32.Build.0 = Release|Win32
	EndGlobalSection
	GlobalSection(SolutionProperties) = preSolution
		HideSolutionNode = FALSE
	EndGlobalSection
EndGlobal
